<?xml version="1.0" encoding="utf-8"?>
<Project ToolsVersion="4.0" xmlns="http://schemas.microsoft.com/developer/msbuild/2003">
  <ItemGroup>
    <Filter Include="源文件">
      <UniqueIdentifier>{4FC737F1-C7A5-4376-A066-2A32D752A2FF}</UniqueIdentifier>
      <Extensions>cpp;c;cc;cxx;c++;cppm;ixx;def;odl;idl;hpj;bat;asm;asmx</Extensions>
    </Filter>
    <Filter Include="头文件">
      <UniqueIdentifier>{93995380-89BD-4b04-88EB-625FBE52EBFB}</UniqueIdentifier>
      <Extensions>h;hh;hpp;hxx;h++;hm;inl;inc;ipp;xsd</Extensions>
    </Filter>
    <Filter Include="common">
      <UniqueIdentifier>{B1A1C1D1-E1F1-41A1-81A1-A1B1C1D1E1F1}</UniqueIdentifier>
    </Filter>
    <Filter Include="common\源文件">
      <UniqueIdentifier>{B1A1C1D1-E1F1-41A1-81A1-A1B1C1D1E1F2}</UniqueIdentifier>
    </Filter>
    <Filter Include="common\头文件">
      <UniqueIdentifier>{B1A1C1D1-E1F1-41A1-81A1-A1B1C1D1E1F3}</UniqueIdentifier>
    </Filter>
    <Filter Include="das">
      <UniqueIdentifier>{C2B2D2E2-F2A2-42A2-82A2-B2C2D2E2F2A2}</UniqueIdentifier>
    </Filter>
    <Filter Include="das\源文件">
      <UniqueIdentifier>{C2B2D2E2-F2A2-42A2-82A2-B2C2D2E2F2B}</UniqueIdentifier>
    </Filter>
    <Filter Include="das\头文件">
      <UniqueIdentifier>{C2B2D2E2-F2A2-42A2-82A2-B2C2D2E2F2C}</UniqueIdentifier>
    </Filter>
    <Filter Include="dumper">
      <UniqueIdentifier>{D3C3E3F3-A3B3-43A3-83A3-C3D3E3F3A3B3}</UniqueIdentifier>
    </Filter>
    <Filter Include="dumper\源文件">
      <UniqueIdentifier>{D3C3E3F3-A3B3-43A3-83A3-C3D3E3F3A3C}</UniqueIdentifier>
    </Filter>
    <Filter Include="dumper\头文件">
      <UniqueIdentifier>{D3C3E3F3-A3B3-43A3-83A3-C3D3E3F3A3D}</UniqueIdentifier>
    </Filter>
    <Filter Include="ioctl">
      <UniqueIdentifier>{E4D4F4A4-B4C4-44A4-84A4-D4E4F4A4B4C4}</UniqueIdentifier>
    </Filter>
    <Filter Include="ioctl\源文件">
      <UniqueIdentifier>{E4D4F4A4-B4C4-44A4-84A4-D4E4F4A4B4D}</UniqueIdentifier>
    </Filter>
    <Filter Include="ioctl\头文件">
      <UniqueIdentifier>{E4D4F4A4-B4C4-44A4-84A4-D4E4F4A4B4E}</UniqueIdentifier>
    </Filter>
    <Filter Include="procs">
      <UniqueIdentifier>{F5E5A5B5-C5D5-45A5-85A5-E5F5A5B5C5D5}</UniqueIdentifier>
    </Filter>
    <Filter Include="procs\源文件">
      <UniqueIdentifier>{F5E5A5B5-C5D5-45A5-85A5-E5F5A5B5C5E}</UniqueIdentifier>
    </Filter>
    <Filter Include="procs\头文件">
      <UniqueIdentifier>{F5E5A5B5-C5D5-45A5-85A5-E5F5A5B5C5F}</UniqueIdentifier>
    </Filter>
  </ItemGroup>
  <ItemGroup>
    <ClCompile Include="HyperionToolKit.cpp"><Filter>源文件</Filter></ClCompile>
    <ClCompile Include="common\Etw.cpp"><Filter>common\源文件</Filter></ClCompile>
    <ClCompile Include="common\Json.cpp"><Filter>common\源文件</Filter></ClCompile>
    <ClCompile Include="common\KernelComms.cpp"><Filter>common\源文件</Filter></ClCompile>
    <ClCompile Include="common\NtApi.cpp"><Filter>common\源文件</Filter></ClCompile>
    <ClCompile Include="common\Out.cpp"><Filter>common\源文件</Filter></ClCompile>
    <ClCompile Include="common\Priv.cpp"><Filter>common\源文件</Filter></ClCompile>
    <ClCompile Include="common\StackResolver.cpp"><Filter>common\源文件</Filter></ClCompile>
    <ClCompile Include="das\attach.cpp"><Filter>das\源文件</Filter></ClCompile>
    <ClCompile Include="das\classify.cpp"><Filter>das\源文件</Filter></ClCompile>
    <ClCompile Include="das\cmd.cpp"><Filter>das\源文件</Filter></ClCompile>
    <ClCompile Include="das\drivers.cpp"><Filter>das\源文件</Filter></ClCompile>
    <ClCompile Include="das\etw.cpp"><Filter>das\源文件</Filter></ClCompile>
    <ClCompile Include="das\iat.cpp"><Filter>das\源文件</Filter></ClCompile>
    <ClCompile Include="das\objects.cpp"><Filter>das\源文件</Filter></ClCompile>
    <ClCompile Include="dumper\cmd.cpp"><Filter>dumper\源文件</Filter></ClCompile>
    <ClCompile Include="dumper\drvdump.cpp"><Filter>dumper\源文件</Filter></ClCompile>
    <ClCompile Include="dumper\handle.cpp"><Filter>dumper\源文件</Filter></ClCompile>
    <ClCompile Include="dumper\jsonlog.cpp"><Filter>dumper\源文件</Filter></ClCompile>
    <ClCompile Include="dumper\moddump.cpp"><Filter>dumper\源文件</Filter></ClCompile>
    <ClCompile Include="dumper\monitor.cpp"><Filter>dumper\源文件</Filter></ClCompile>
    <ClCompile Include="dumper\pathlog.cpp"><Filter>dumper\源文件</Filter></ClCompile>
    <ClCompile Include="ioctl\cmd.cpp"><Filter>ioctl\源文件</Filter></ClCompile>
    <ClCompile Include="procs\cmd.cpp"><Filter>procs\源文件</Filter></ClCompile>
    <ClCompile Include="procs\collect.cpp"><Filter>procs\源文件</Filter></ClCompile>
    <ClCompile Include="procs\security.cpp"><Filter>procs\源文件</Filter></ClCompile>
    <ClCompile Include="procs\tree.cpp"><Filter>procs\源文件</Filter></ClCompile>
  </ItemGroup>
  <ItemGroup>
    <ClInclude Include="common\Common.h"><Filter>common\头文件</Filter></ClInclude>
    <ClInclude Include="common\Etw.h"><Filter>common\头文件</Filter></ClInclude>
    <ClInclude Include="common\Json.h"><Filter>common\头文件</Filter></ClInclude>
    <ClInclude Include="common\KernelComms.h"><Filter>common\头文件</Filter></ClInclude>
    <ClInclude Include="common\NtApi.h"><Filter>common\头文件</Filter></ClInclude>
    <ClInclude Include="common\Out.h"><Filter>common\头文件</Filter></ClInclude>
    <ClInclude Include="common\Priv.h"><Filter>common\头文件</Filter></ClInclude>
    <ClInclude Include="common\StackResolver.h"><Filter>common\头文件</Filter></ClInclude>
    <ClInclude Include="common\Str.h"><Filter>common\头文件</Filter></ClInclude>
    <ClInclude Include="das\attach.h"><Filter>das\头文件</Filter></ClInclude>
    <ClInclude Include="das\classify.h"><Filter>das\头文件</Filter></ClInclude>
    <ClInclude Include="das\cmd.h"><Filter>das\头文件</Filter></ClInclude>
    <ClInclude Include="das\drivers.h"><Filter>das\头文件</Filter></ClInclude>
    <ClInclude Include="das\etw.h"><Filter>das\头文件</Filter></ClInclude>
    <ClInclude Include="das\iat.h"><Filter>das\头文件</Filter></ClInclude>
    <ClInclude Include="das\objects.h"><Filter>das\头文件</Filter></ClInclude>
    <ClInclude Include="dumper\MonitorTypes.h"><Filter>dumper\头文件</Filter></ClInclude>
    <ClInclude Include="dumper\cmd.h"><Filter>dumper\头文件</Filter></ClInclude>
    <ClInclude Include="dumper\drvdump.h"><Filter>dumper\头文件</Filter></ClInclude>
    <ClInclude Include="dumper\handle.h"><Filter>dumper\头文件</Filter></ClInclude>
    <ClInclude Include="dumper\jsonlog.h"><Filter>dumper\头文件</Filter></ClInclude>
    <ClInclude Include="dumper\moddump.h"><Filter>dumper\头文件</Filter></ClInclude>
    <ClInclude Include="dumper\monitor.h"><Filter>dumper\头文件</Filter></ClInclude>
    <ClInclude Include="dumper\pathlog.h"><Filter>dumper\头文件</Filter></ClInclude>
    <ClInclude Include="ioctl\cmd.h"><Filter>ioctl\头文件</Filter></ClInclude>
    <ClInclude Include="procs\cmd.h"><Filter>procs\头文件</Filter></ClInclude>
    <ClInclude Include="procs\collect.h"><Filter>procs\头文件</Filter></ClInclude>
    <ClInclude Include="procs\DataTypes.h"><Filter>procs\头文件</Filter></ClInclude>
    <ClInclude Include="procs\security.h"><Filter>procs\头文件</Filter></ClInclude>
    <ClInclude Include="procs\tree.h"><Filter>procs\头文件</Filter></ClInclude>
  </ItemGroup>
</Project>