<Solution>
  <Configuration Name="Debug" Platform="x64" />
  <Configuration Name="Release" Platform="x64" />
  <Configuration Name="Debug" Platform="Win32" />
  <Configuration Name="Release" Platform="Win32" />
  <Configuration Name="Debug" Platform="Any CPU" />
  <Configuration Name="Release" Platform="Any CPU" />
  <Project Path="HyperionNative/HyperionNative.vcxproj" Id="86e6d1f1-95dd-42a2-8d0e-2a09d25e06ed" />
  <Project Path="KernelService/KernelService.vcxproj">
    <Deploy />
  </Project>
  <Project Path="MSAFReverseAgent/Hyperion.MSAFReverseAgent.csproj" Id="712e2246-95dd-4f0c-8e7e-1ecb1588d5b4" />
  <Project Path="Server\Hyperion.Server.csproj" />
  <Project Path="UserService/Hyperion.UserService.csproj" Id="51097b43-3f00-44a1-be55-601cc07b93c8" />
  <Project Path="Verifyer/Hyperion.Verifyer.csproj" />
</Solution>
