<Solution>
  <Configuration Name="Debug" Platform="x64" />
  <Configuration Name="Release" Platform="x64" />
  <Configuration Name="Debug" Platform="Win32" />
  <Configuration Name="Release" Platform="Win32" />
  <Configuration Name="Debug" Platform="Any CPU" />
  <Configuration Name="Release" Platform="Any CPU" />

  <Project Path="Server\SEWindows.Server.csproj">
    <Configuration Configuration="Debug" Platform="Any CPU" />
    <Configuration Configuration="Release" Platform="Any CPU" />
  </Project>
  <Project Path="Client/SEWindows.csproj">
    <Configuration Configuration="Debug" Platform="Any CPU" />
    <Configuration Configuration="Release" Platform="Any CPU" />
  </Project>
  <Project Path="Tracker/SEWindows.Tracker.csproj" Id="c0d78e63-6c28-4d8b-b5aa-8eb8254a8c0f">
    <Configuration Configuration="Debug" Platform="Any CPU" />
    <Configuration Configuration="Release" Platform="Any CPU" />
  </Project>
  <Project Path="Attack/payload/payload.vcxproj" Id="A1B2C3D4-1111-2222-3333-444455556666">
    <Configuration Configuration="Debug" Platform="x64" />
    <Configuration Configuration="Release" Platform="x64" />
    <Configuration Configuration="Debug" Platform="Win32" />
    <Configuration Configuration="Release" Platform="Win32" />
  </Project>
  <Project Path="Attack/inject/inject.vcxproj" Id="B2C3D4E5-2222-3333-4444-555566667777">
    <Configuration Configuration="Debug" Platform="x64" />
    <Configuration Configuration="Release" Platform="x64" />
    <Configuration Configuration="Debug" Platform="Win32" />
    <Configuration Configuration="Release" Platform="Win32" />
  </Project>
</Solution>
