<Solution>
  <Configuration Name="Debug" Platform="x64" />
  <Configuration Name="Release" Platform="x64" />
  <Configuration Name="Debug" Platform="Win32" />
  <Configuration Name="Release" Platform="Win32" />
  <Configuration Name="Debug" Platform="Any CPU" />
  <Configuration Name="Release" Platform="Any CPU" />
  <Project Path="Attack/inject/inject.vcxproj" Id="b2c3d4e5-2222-3333-4444-555566667777" />
  <Project Path="Attack/payload/payload.vcxproj" Id="a1b2c3d4-1111-2222-3333-444455556666" />
  <Project Path="Client/SEWindows.csproj" />
  <Project Path="KernelService/KernelService.vcxproj">
    <Deploy />
  </Project>
  <Project Path="Server\SEWindows.Server.csproj" />
  <Project Path="Service/SEWindows.Service.csproj" Id="51097b43-3f00-44a1-be55-601cc07b93c8" />
  <Project Path="Tracker/SEWindows.Tracker.csproj" Id="c0d78e63-6c28-4d8b-b5aa-8eb8254a8c0f" />
</Solution>
